{
  "name": "smart-grid-generator",
  "version": "1.0.0",
  "lockfileVersion": 2,
  "requires": true,
  "packages": {
    "": {
      "name": "smart-grid-generator",
      "version": "1.0.0",
      "license": "MIT",
      "dependencies": {
        "smart-grid": "^2.1.2"
      }
    },
    "node_modules/smart-grid": {
      "version": "2.1.2",
      "resolved": "https://registry.npmjs.org/smart-grid/-/smart-grid-2.1.2.tgz",
      "integrity": "sha512-O5BYpBH5zMVMt12xAdbbCdQKwXpLWI4bqLJpaXRcNXHs4IfAVJd2K9XOilplRA7byBKva5Ysg1EtckwwqnoYeg=="
    }
  },
  "dependencies": {
    "smart-grid": {
      "version": "2.1.2",
      "resolved": "https://registry.npmjs.org/smart-grid/-/smart-grid-2.1.2.tgz",
      "integrity": "sha512-O5BYpBH5zMVMt12xAdbbCdQKwXpLWI4bqLJpaXRcNXHs4IfAVJd2K9XOilplRA7byBKva5Ysg1EtckwwqnoYeg=="
    }
  }
}
